
Microsoft Visual Studio Solution File, Format Version 12.00
# Visual Studio 2017
Project("{FAE04EC0-301F-11D3-BF4B-00C04F79EFBC}") = "Robolution", "Robolution.csproj", "{0F03819A-D2C1-2E23-3A4A-DAAF5459AA6D}"
EndProject
Global
	GlobalSection(SolutionConfigurationPlatforms) = preSolution
		Debug|Any CPU = Debug|Any CPU
		Release|Any CPU = Release|Any CPU
	EndGlobalSection
	GlobalSection(ProjectConfigurationPlatforms) = postSolution
		{0F03819A-D2C1-2E23-3A4A-DAAF5459AA6D}.Debug|Any CPU.ActiveCfg = Debug|Any CPU
		{0F03819A-D2C1-2E23-3A4A-DAAF5459AA6D}.Debug|Any CPU.Build.0 = Debug|Any CPU
		{0F03819A-D2C1-2E23-3A4A-DAAF5459AA6D}.Release|Any CPU.ActiveCfg = Release|Any CPU
		{0F03819A-D2C1-2E23-3A4A-DAAF5459AA6D}.Release|Any CPU.Build.0 = Release|Any CPU
	EndGlobalSection
	GlobalSection(SolutionProperties) = preSolution
		HideSolutionNode = FALSE
	EndGlobalSection
EndGlobal
